
Microsoft Visual Studio Solution File, Format Version 12.00
# Visual Studio Version 17
VisualStudioVersion = 17.6.33723.286
MinimumVisualStudioVersion = 10.0.40219.1
Project("{FAE04EC0-301F-11D3-BF4B-00C04F79EFBC}") = "inheritance", "inheritance.csproj", "{1B4868F9-1952-4443-8E02-E6144D40A27C}"
EndProject
Global
	GlobalSection(SolutionConfigurationPlatforms) = preSolution
		Debug|Any CPU = Debug|Any CPU
		Release|Any CPU = Release|Any CPU
	EndGlobalSection
	GlobalSection(ProjectConfigurationPlatforms) = postSolution
		{1B4868F9-1952-4443-8E02-E6144D40A27C}.Debug|Any CPU.ActiveCfg = Debug|Any CPU
		{1B4868F9-1952-4443-8E02-E6144D40A27C}.Debug|Any CPU.Build.0 = Debug|Any CPU
		{1B4868F9-1952-4443-8E02-E6144D40A27C}.Release|Any CPU.ActiveCfg = Release|Any CPU
		{1B4868F9-1952-4443-8E02-E6144D40A27C}.Release|Any CPU.Build.0 = Release|Any CPU
	EndGlobalSection
	GlobalSection(SolutionProperties) = preSolution
		HideSolutionNode = FALSE
	EndGlobalSection
	GlobalSection(ExtensibilityGlobals) = postSolution
		SolutionGuid = {1D284E1D-9B2C-4668-8801-3532B81581F6}
	EndGlobalSection
EndGlobal
